
Microsoft Visual Studio Solution File, Format Version 12.00
# Visual Studio 15
VisualStudioVersion = 15.0.28010.2036
MinimumVisualStudioVersion = 10.0.40219.1
Project("{FAE04EC0-301F-11D3-BF4B-00C04F79EFBC}") = "minimax_2", "minimax_2\minimax_2.csproj", "{788A593A-B8D0-451B-8437-784C809BEAF3}"
EndProject
Global
	GlobalSection(SolutionConfigurationPlatforms) = preSolution
		Debug|Any CPU = Debug|Any CPU
		Release|Any CPU = Release|Any CPU
	EndGlobalSection
	GlobalSection(ProjectConfigurationPlatforms) = postSolution
		{788A593A-B8D0-451B-8437-784C809BEAF3}.Debug|Any CPU.ActiveCfg = Debug|Any CPU
		{788A593A-B8D0-451B-8437-784C809BEAF3}.Debug|Any CPU.Build.0 = Debug|Any CPU
		{788A593A-B8D0-451B-8437-784C809BEAF3}.Release|Any CPU.ActiveCfg = Release|Any CPU
		{788A593A-B8D0-451B-8437-784C809BEAF3}.Release|Any CPU.Build.0 = Release|Any CPU
	EndGlobalSection
	GlobalSection(SolutionProperties) = preSolution
		HideSolutionNode = FALSE
	EndGlobalSection
	GlobalSection(ExtensibilityGlobals) = postSolution
		SolutionGuid = {CFE9B36D-0A14-423D-8B49-5DFB7F1202D6}
	EndGlobalSection
EndGlobal
